
Microsoft Visual Studio Solution File, Format Version 12.00
# Visual Studio Version 17
VisualStudioVersion = 17.13.35818.85
MinimumVisualStudioVersion = 10.0.40219.1
Project("{FAE04EC0-301F-11D3-BF4B-00C04F79EFBC}") = "PDFinator", "PDFinator\PDFinator.csproj", "{47B7C2F5-8134-45FE-9CD9-915812F3C4D6}"
EndProject
Project("{E53339B2-1760-4266-BCC7-CA923CBCF16C}") = "docker-compose", "docker-compose.dcproj", "{81DDED9D-158B-E303-5F62-77A2896D2A5A}"
EndProject
Global
	GlobalSection(SolutionConfigurationPlatforms) = preSolution
		Debug|Any CPU = Debug|Any CPU
		Release|Any CPU = Release|Any CPU
	EndGlobalSection
	GlobalSection(ProjectConfigurationPlatforms) = postSolution
		{47B7C2F5-8134-45FE-9CD9-915812F3C4D6}.Debug|Any CPU.ActiveCfg = Debug|Any CPU
		{47B7C2F5-8134-45FE-9CD9-915812F3C4D6}.Debug|Any CPU.Build.0 = Debug|Any CPU
		{47B7C2F5-8134-45FE-9CD9-915812F3C4D6}.Release|Any CPU.ActiveCfg = Release|Any CPU
		{47B7C2F5-8134-45FE-9CD9-915812F3C4D6}.Release|Any CPU.Build.0 = Release|Any CPU
		{81DDED9D-158B-E303-5F62-77A2896D2A5A}.Debug|Any CPU.ActiveCfg = Debug|Any CPU
		{81DDED9D-158B-E303-5F62-77A2896D2A5A}.Debug|Any CPU.Build.0 = Debug|Any CPU
		{81DDED9D-158B-E303-5F62-77A2896D2A5A}.Release|Any CPU.ActiveCfg = Release|Any CPU
		{81DDED9D-158B-E303-5F62-77A2896D2A5A}.Release|Any CPU.Build.0 = Release|Any CPU
	EndGlobalSection
	GlobalSection(SolutionProperties) = preSolution
		HideSolutionNode = FALSE
	EndGlobalSection
	GlobalSection(ExtensibilityGlobals) = postSolution
		SolutionGuid = {BFB2795E-75A5-4D7F-9E52-D29A84F65DAD}
	EndGlobalSection
EndGlobal
